# This file is automatically @generated by Poetry 1.8.3 and should not be changed by hand.

[[package]]
name = "protobuf"
version = "5.28.3"
description = ""
optional = false
python-versions = ">=3.8"
files = [
    {file = "protobuf-5.28.3-cp310-abi3-win32.whl", hash = "sha256:0c4eec6f987338617072592b97943fdbe30d019c56126493111cf24344c1cc24"},
    {file = "protobuf-5.28.3-cp310-abi3-win_amd64.whl", hash = "sha256:91fba8f445723fcf400fdbe9ca796b19d3b1242cd873907979b9ed71e4afe868"},
    {file = "protobuf-5.28.3-cp38-abi3-macosx_10_9_universal2.whl", hash = "sha256:a3f6857551e53ce35e60b403b8a27b0295f7d6eb63d10484f12bc6879c715687"},
    {file = "protobuf-5.28.3-cp38-abi3-manylinux2014_aarch64.whl", hash = "sha256:3fa2de6b8b29d12c61911505d893afe7320ce7ccba4df913e2971461fa36d584"},
    {file = "protobuf-5.28.3-cp38-abi3-manylinux2014_x86_64.whl", hash = "sha256:712319fbdddb46f21abb66cd33cb9e491a5763b2febd8f228251add221981135"},
    {file = "protobuf-5.28.3-cp38-cp38-win32.whl", hash = "sha256:3e6101d095dfd119513cde7259aa703d16c6bbdfae2554dfe5cfdbe94e32d548"},
    {file = "protobuf-5.28.3-cp38-cp38-win_amd64.whl", hash = "sha256:27b246b3723692bf1068d5734ddaf2fccc2cdd6e0c9b47fe099244d80200593b"},
    {file = "protobuf-5.28.3-cp39-cp39-win32.whl", hash = "sha256:135658402f71bbd49500322c0f736145731b16fc79dc8f367ab544a17eab4535"},
    {file = "protobuf-5.28.3-cp39-cp39-win_amd64.whl", hash = "sha256:70585a70fc2dd4818c51287ceef5bdba6387f88a578c86d47bb34669b5552c36"},
    {file = "protobuf-5.28.3-py3-none-any.whl", hash = "sha256:cee1757663fa32a1ee673434fcf3bf24dd54763c79690201208bafec62f19eed"},
    {file = "protobuf-5.28.3.tar.gz", hash = "sha256:64badbc49180a5e401f373f9ce7ab1d18b63f7dd4a9cdc43c92b9f0b481cef7b"},
]

[metadata]
lock-version = "2.0"
python-versions = "^3.10"
content-hash = "4ce63cd5ef34e724792473e667c3ce813322b4f7e2855caa3a045634dbc3e269"
